// !$*UTF8*$!
{
	archiveVersion = 1;
	classes = {
	};
	objectVersion = 50;
	objects = {

/* Begin PBXBuildFile section */
		DDE9E6A922EACC86006C43E8 /* AppDelegate.m in Sources */ = {isa = PBXBuildFile; fileRef = DDE9E6A822EACC86006C43E8 /* AppDelegate.m */; };
		DDE9E6AC22EACC86006C43E8 /* ViewController.m in Sources */ = {isa = PBXBuildFile; fileRef = DDE9E6AB22EACC86006C43E8 /* ViewController.m */; };
		DDE9E6AF22EACC86006C43E8 /* Main.storyboard in Resources */ = {isa = PBXBuildFile; fileRef = DDE9E6AD22EACC86006C43E8 /* Main.storyboard */; };
		DDE9E6B122EACC87006C43E8 /* Assets.xcassets in Resources */ = {isa = PBXBuildFile; fileRef = DDE9E6B022EACC87006C43E8 /* Assets.xcassets */; };
		DDE9E6B422EACC87006C43E8 /* LaunchScreen.storyboard in Resources */ = {isa = PBXBuildFile; fileRef = DDE9E6B222EACC87006C43E8 /* LaunchScreen.storyboard */; };
		DDE9E6B722EACC87006C43E8 /* main.m in Sources */ = {isa = PBXBuildFile; fileRef = DDE9E6B622EACC87006C43E8 /* main.m */; };
		DDE9E6C122EACC87006C43E8 /* LJXAlertViewTests.m in Sources */ = {isa = PBXBuildFile; fileRef = DDE9E6C022EACC87006C43E8 /* LJXAlertViewTests.m */; };
		DDE9E6CC22EACC88006C43E8 /* LJXAlertViewUITests.m in Sources */ = {isa = PBXBuildFile; fileRef = DDE9E6CB22EACC88006C43E8 /* LJXAlertViewUITests.m */; };
		DDE9E6DB22EACCD1006C43E8 /* LJXAlertView.m in Sources */ = {isa = PBXBuildFile; fileRef = DDE9E6DA22EACCD1006C43E8 /* LJXAlertView.m */; };
		FBE1649EE1DC13244C60B7B5 /* libPods-LJXAlertView.a in Frameworks */ = {isa = PBXBuildFile; fileRef = 97235C76CE72B293CFDAA127 /* libPods-LJXAlertView.a */; };
/* End PBXBuildFile section */

/* Begin PBXContainerItemProxy section */
		DDE9E6BD22EACC87006C43E8 /* PBXContainerItemProxy */ = {
			isa = PBXContainerItemProxy;
			containerPortal = DDE9E69C22EACC86006C43E8 /* Project object */;
			proxyType = 1;
			remoteGlobalIDString = DDE9E6A322EACC86006C43E8;
			remoteInfo = LJXAlertView;
		};
		DDE9E6C822EACC88006C43E8 /* PBXContainerItemProxy */ = {
			isa = PBXContainerItemProxy;
			containerPortal = DDE9E69C22EACC86006C43E8 /* Project object */;
			proxyType = 1;
			remoteGlobalIDString = DDE9E6A322EACC86006C43E8;
			remoteInfo = LJXAlertView;
		};
/* End PBXContainerItemProxy section */

/* Begin PBXFileReference section */
		2CC66EDF240B743E8C9F3B85 /* Pods-LJXAlertView.debug.xcconfig */ = {isa = PBXFileReference; includeInIndex = 1; lastKnownFileType = text.xcconfig; name = "Pods-LJXAlertView.debug.xcconfig"; path = "Target Support Files/Pods-LJXAlertView/Pods-LJXAlertView.debug.xcconfig"; sourceTree = "<group>"; };
		97235C76CE72B293CFDAA127 /* libPods-LJXAlertView.a */ = {isa = PBXFileReference; explicitFileType = archive.ar; includeInIndex = 0; path = "libPods-LJXAlertView.a"; sourceTree = BUILT_PRODUCTS_DIR; };
		DDE9E6A422EACC86006C43E8 /* LJXAlertView.app */ = {isa = PBXFileReference; explicitFileType = wrapper.application; includeInIndex = 0; path = LJXAlertView.app; sourceTree = BUILT_PRODUCTS_DIR; };
		DDE9E6A722EACC86006C43E8 /* AppDelegate.h */ = {isa = PBXFileReference; lastKnownFileType = sourcecode.c.h; path = AppDelegate.h; sourceTree = "<group>"; };
		DDE9E6A822EACC86006C43E8 /* AppDelegate.m */ = {isa = PBXFileReference; lastKnownFileType = sourcecode.c.objc; path = AppDelegate.m; sourceTree = "<group>"; };
		DDE9E6AA22EACC86006C43E8 /* ViewController.h */ = {isa = PBXFileReference; lastKnownFileType = sourcecode.c.h; path = ViewController.h; sourceTree = "<group>"; };
		DDE9E6AB22EACC86006C43E8 /* ViewController.m */ = {isa = PBXFileReference; lastKnownFileType = sourcecode.c.objc; path = ViewController.m; sourceTree = "<group>"; };
		DDE9E6AE22EACC86006C43E8 /* Base */ = {isa = PBXFileReference; lastKnownFileType = file.storyboard; name = Base; path = Base.lproj/Main.storyboard; sourceTree = "<group>"; };
		DDE9E6B022EACC87006C43E8 /* Assets.xcassets */ = {isa = PBXFileReference; lastKnownFileType = folder.assetcatalog; path = Assets.xcassets; sourceTree = "<group>"; };
		DDE9E6B322EACC87006C43E8 /* Base */ = {isa = PBXFileReference; lastKnownFileType = file.storyboard; name = Base; path = Base.lproj/LaunchScreen.storyboard; sourceTree = "<group>"; };
		DDE9E6B522EACC87006C43E8 /* Info.plist */ = {isa = PBXFileReference; lastKnownFileType = text.plist.xml; path = Info.plist; sourceTree = "<group>"; };
		DDE9E6B622EACC87006C43E8 /* main.m */ = {isa = PBXFileReference; lastKnownFileType = sourcecode.c.objc; path = main.m; sourceTree = "<group>"; };
		DDE9E6BC22EACC87006C43E8 /* LJXAlertViewTests.xctest */ = {isa = PBXFileReference; explicitFileType = wrapper.cfbundle; includeInIndex = 0; path = LJXAlertViewTests.xctest; sourceTree = BUILT_PRODUCTS_DIR; };
		DDE9E6C022EACC87006C43E8 /* LJXAlertViewTests.m */ = {isa = PBXFileReference; lastKnownFileType = sourcecode.c.objc; path = LJXAlertViewTests.m; sourceTree = "<group>"; };
		DDE9E6C222EACC88006C43E8 /* Info.plist */ = {isa = PBXFileReference; lastKnownFileType = text.plist.xml; path = Info.plist; sourceTree = "<group>"; };
		DDE9E6C722EACC88006C43E8 /* LJXAlertViewUITests.xctest */ = {isa = PBXFileReference; explicitFileType = wrapper.cfbundle; includeInIndex = 0; path = LJXAlertViewUITests.xctest; sourceTree = BUILT_PRODUCTS_DIR; };
		DDE9E6CB22EACC88006C43E8 /* LJXAlertViewUITests.m */ = {isa = PBXFileReference; lastKnownFileType = sourcecode.c.objc; path = LJXAlertViewUITests.m; sourceTree = "<group>"; };
		DDE9E6CD22EACC88006C43E8 /* Info.plist */ = {isa = PBXFileReference; lastKnownFileType = text.plist.xml; path = Info.plist; sourceTree = "<group>"; };
		DDE9E6D922EACCD1006C43E8 /* LJXAlertView.h */ = {isa = PBXFileReference; lastKnownFileType = sourcecode.c.h; path = LJXAlertView.h; sourceTree = "<group>"; };
		DDE9E6DA22EACCD1006C43E8 /* LJXAlertView.m */ = {isa = PBXFileReference; lastKnownFileType = sourcecode.c.objc; path = LJXAlertView.m; sourceTree = "<group>"; };
		DDE9E6DC22EAD3E4006C43E8 /* PrefixHeader.pch */ = {isa = PBXFileReference; lastKnownFileType = sourcecode.c.h; path = PrefixHeader.pch; sourceTree = "<group>"; };
		EEB91CDA9538760CE03BB08C /* Pods-LJXAlertView.release.xcconfig */ = {isa = PBXFileReference; includeInIndex = 1; lastKnownFileType = text.xcconfig; name = "Pods-LJXAlertView.release.xcconfig"; path = "Target Support Files/Pods-LJXAlertView/Pods-LJXAlertView.release.xcconfig"; sourceTree = "<group>"; };
/* End PBXFileReference section */

/* Begin PBXFrameworksBuildPhase section */
		DDE9E6A122EACC86006C43E8 /* Frameworks */ = {
			isa = PBXFrameworksBuildPhase;
			buildActionMask = 2147483647;
			files = (
				FBE1649EE1DC13244C60B7B5 /* libPods-LJXAlertView.a in Frameworks */,
			);
			runOnlyForDeploymentPostprocessing = 0;
		};
		DDE9E6B922EACC87006C43E8 /* Frameworks */ = {
			isa = PBXFrameworksBuildPhase;
			buildActionMask = 2147483647;
			files = (
			);
			runOnlyForDeploymentPostprocessing = 0;
		};
		DDE9E6C422EACC88006C43E8 /* Frameworks */ = {
			isa = PBXFrameworksBuildPhase;
			buildActionMask = 2147483647;
			files = (
			);
			runOnlyForDeploymentPostprocessing = 0;
		};
/* End PBXFrameworksBuildPhase section */

/* Begin PBXGroup section */
		38BC17A2A63B9160AB6BA53A /* Pods */ = {
			isa = PBXGroup;
			children = (
				2CC66EDF240B743E8C9F3B85 /* Pods-LJXAlertView.debug.xcconfig */,
				EEB91CDA9538760CE03BB08C /* Pods-LJXAlertView.release.xcconfig */,
			);
			path = Pods;
			sourceTree = "<group>";
		};
		DDB3878DEEE386164CD612F2 /* Frameworks */ = {
			isa = PBXGroup;
			children = (
				97235C76CE72B293CFDAA127 /* libPods-LJXAlertView.a */,
			);
			name = Frameworks;
			sourceTree = "<group>";
		};
		DDE9E69B22EACC86006C43E8 = {
			isa = PBXGroup;
			children = (
				DDE9E6A622EACC86006C43E8 /* LJXAlertView */,
				DDE9E6BF22EACC87006C43E8 /* LJXAlertViewTests */,
				DDE9E6CA22EACC88006C43E8 /* LJXAlertViewUITests */,
				DDE9E6A522EACC86006C43E8 /* Products */,
				38BC17A2A63B9160AB6BA53A /* Pods */,
				DDB3878DEEE386164CD612F2 /* Frameworks */,
			);
			sourceTree = "<group>";
		};
		DDE9E6A522EACC86006C43E8 /* Products */ = {
			isa = PBXGroup;
			children = (
				DDE9E6A422EACC86006C43E8 /* LJXAlertView.app */,
				DDE9E6BC22EACC87006C43E8 /* LJXAlertViewTests.xctest */,
				DDE9E6C722EACC88006C43E8 /* LJXAlertViewUITests.xctest */,
			);
			name = Products;
			sourceTree = "<group>";
		};
		DDE9E6A622EACC86006C43E8 /* LJXAlertView */ = {
			isa = PBXGroup;
			children = (
				DDE9E71B22EAF916006C43E8 /* AlertView */,
				DDE9E6A722EACC86006C43E8 /* AppDelegate.h */,
				DDE9E6A822EACC86006C43E8 /* AppDelegate.m */,
				DDE9E6AA22EACC86006C43E8 /* ViewController.h */,
				DDE9E6AB22EACC86006C43E8 /* ViewController.m */,
				DDE9E6AD22EACC86006C43E8 /* Main.storyboard */,
				DDE9E6B022EACC87006C43E8 /* Assets.xcassets */,
				DDE9E6B222EACC87006C43E8 /* LaunchScreen.storyboard */,
				DDE9E6B522EACC87006C43E8 /* Info.plist */,
				DDE9E6B622EACC87006C43E8 /* main.m */,
			);
			path = LJXAlertView;
			sourceTree = "<group>";
		};
		DDE9E6BF22EACC87006C43E8 /* LJXAlertViewTests */ = {
			isa = PBXGroup;
			children = (
				DDE9E6C022EACC87006C43E8 /* LJXAlertViewTests.m */,
				DDE9E6C222EACC88006C43E8 /* Info.plist */,
			);
			path = LJXAlertViewTests;
			sourceTree = "<group>";
		};
		DDE9E6CA22EACC88006C43E8 /* LJXAlertViewUITests */ = {
			isa = PBXGroup;
			children = (
				DDE9E6CB22EACC88006C43E8 /* LJXAlertViewUITests.m */,
				DDE9E6CD22EACC88006C43E8 /* Info.plist */,
			);
			path = LJXAlertViewUITests;
			sourceTree = "<group>";
		};
		DDE9E71B22EAF916006C43E8 /* AlertView */ = {
			isa = PBXGroup;
			children = (
				DDE9E6DC22EAD3E4006C43E8 /* PrefixHeader.pch */,
				DDE9E6D922EACCD1006C43E8 /* LJXAlertView.h */,
				DDE9E6DA22EACCD1006C43E8 /* LJXAlertView.m */,
			);
			path = AlertView;
			sourceTree = "<group>";
		};
/* End PBXGroup section */

/* Begin PBXNativeTarget section */
		DDE9E6A322EACC86006C43E8 /* LJXAlertView */ = {
			isa = PBXNativeTarget;
			buildConfigurationList = DDE9E6D022EACC88006C43E8 /* Build configuration list for PBXNativeTarget "LJXAlertView" */;
			buildPhases = (
				F3EDC1F2B4CC554324DB3E47 /* [CP] Check Pods Manifest.lock */,
				DDE9E6A022EACC86006C43E8 /* Sources */,
				DDE9E6A122EACC86006C43E8 /* Frameworks */,
				DDE9E6A222EACC86006C43E8 /* Resources */,
				E3317F5449CFED7CEDD0E06C /* [CP] Copy Pods Resources */,
			);
			buildRules = (
			);
			dependencies = (
			);
			name = LJXAlertView;
			productName = LJXAlertView;
			productReference = DDE9E6A422EACC86006C43E8 /* LJXAlertView.app */;
			productType = "com.apple.product-type.application";
		};
		DDE9E6BB22EACC87006C43E8 /* LJXAlertViewTests */ = {
			isa = PBXNativeTarget;
			buildConfigurationList = DDE9E6D322EACC88006C43E8 /* Build configuration list for PBXNativeTarget "LJXAlertViewTests" */;
			buildPhases = (
				DDE9E6B822EACC87006C43E8 /* Sources */,
				DDE9E6B922EACC87006C43E8 /* Frameworks */,
				DDE9E6BA22EACC87006C43E8 /* Resources */,
			);
			buildRules = (
			);
			dependencies = (
				DDE9E6BE22EACC87006C43E8 /* PBXTargetDependency */,
			);
			name = LJXAlertViewTests;
			productName = LJXAlertViewTests;
			productReference = DDE9E6BC22EACC87006C43E8 /* LJXAlertViewTests.xctest */;
			productType = "com.apple.product-type.bundle.unit-test";
		};
		DDE9E6C622EACC88006C43E8 /* LJXAlertViewUITests */ = {
			isa = PBXNativeTarget;
			buildConfigurationList = DDE9E6D622EACC88006C43E8 /* Build configuration list for PBXNativeTarget "LJXAlertViewUITests" */;
			buildPhases = (
				DDE9E6C322EACC88006C43E8 /* Sources */,
				DDE9E6C422EACC88006C43E8 /* Frameworks */,
				DDE9E6C522EACC88006C43E8 /* Resources */,
			);
			buildRules = (
			);
			dependencies = (
				DDE9E6C922EACC88006C43E8 /* PBXTargetDependency */,
			);
			name = LJXAlertViewUITests;
			productName = LJXAlertViewUITests;
			productReference = DDE9E6C722EACC88006C43E8 /* LJXAlertViewUITests.xctest */;
			productType = "com.apple.product-type.bundle.ui-testing";
		};
/* End PBXNativeTarget section */

/* Begin PBXProject section */
		DDE9E69C22EACC86006C43E8 /* Project object */ = {
			isa = PBXProject;
			attributes = {
				LastUpgradeCheck = 1000;
				ORGANIZATIONNAME = "栾金鑫";
				TargetAttributes = {
					DDE9E6A322EACC86006C43E8 = {
						CreatedOnToolsVersion = 10.0;
					};
					DDE9E6BB22EACC87006C43E8 = {
						CreatedOnToolsVersion = 10.0;
						TestTargetID = DDE9E6A322EACC86006C43E8;
					};
					DDE9E6C622EACC88006C43E8 = {
						CreatedOnToolsVersion = 10.0;
						TestTargetID = DDE9E6A322EACC86006C43E8;
					};
				};
			};
			buildConfigurationList = DDE9E69F22EACC86006C43E8 /* Build configuration list for PBXProject "LJXAlertView" */;
			compatibilityVersion = "Xcode 9.3";
			developmentRegion = en;
			hasScannedForEncodings = 0;
			knownRegions = (
				en,
				Base,
			);
			mainGroup = DDE9E69B22EACC86006C43E8;
			productRefGroup = DDE9E6A522EACC86006C43E8 /* Products */;
			projectDirPath = "";
			projectRoot = "";
			targets = (
				DDE9E6A322EACC86006C43E8 /* LJXAlertView */,
				DDE9E6BB22EACC87006C43E8 /* LJXAlertViewTests */,
				DDE9E6C622EACC88006C43E8 /* LJXAlertViewUITests */,
			);
		};
/* End PBXProject section */

/* Begin PBXResourcesBuildPhase section */
		DDE9E6A222EACC86006C43E8 /* Resources */ = {
			isa = PBXResourcesBuildPhase;
			buildActionMask = 2147483647;
			files = (
				DDE9E6B422EACC87006C43E8 /* LaunchScreen.storyboard in Resources */,
				DDE9E6B122EACC87006C43E8 /* Assets.xcassets in Resources */,
				DDE9E6AF22EACC86006C43E8 /* Main.storyboard in Resources */,
			);
			runOnlyForDeploymentPostprocessing = 0;
		};
		DDE9E6BA22EACC87006C43E8 /* Resources */ = {
			isa = PBXResourcesBuildPhase;
			buildActionMask = 2147483647;
			files = (
			);
			runOnlyForDeploymentPostprocessing = 0;
		};
		DDE9E6C522EACC88006C43E8 /* Resources */ = {
			isa = PBXResourcesBuildPhase;
			buildActionMask = 2147483647;
			files = (
			);
			runOnlyForDeploymentPostprocessing = 0;
		};
/* End PBXResourcesBuildPhase section */

/* Begin PBXShellScriptBuildPhase section */
		E3317F5449CFED7CEDD0E06C /* [CP] Copy Pods Resources */ = {
			isa = PBXShellScriptBuildPhase;
			buildActionMask = 2147483647;
			files = (
			);
			inputFileListPaths = (
			);
			inputPaths = (
				"${PODS_ROOT}/Target Support Files/Pods-LJXAlertView/Pods-LJXAlertView-resources.sh",
				"${PODS_ROOT}/AlipaySDK-iOS/AlipaySDK.bundle",
				"${PODS_ROOT}/BRPickerView/BRPickerView/AddressPickerView/BRPickerView.bundle",
				"${PODS_ROOT}/IQKeyboardManager/IQKeyboardManager/Resources/IQKeyboardManager.bundle",
				"${PODS_ROOT}/MJRefresh/MJRefresh/MJRefresh.bundle",
				"${PODS_ROOT}/SVProgressHUD/SVProgressHUD/SVProgressHUD.bundle",
				"${PODS_ROOT}/TZImagePickerController/TZImagePickerController/TZImagePickerController/TZImagePickerController.bundle",
			);
			name = "[CP] Copy Pods Resources";
			outputFileListPaths = (
			);
			outputPaths = (
				"${TARGET_BUILD_DIR}/${UNLOCALIZED_RESOURCES_FOLDER_PATH}/AlipaySDK.bundle",
				"${TARGET_BUILD_DIR}/${UNLOCALIZED_RESOURCES_FOLDER_PATH}/BRPickerView.bundle",
				"${TARGET_BUILD_DIR}/${UNLOCALIZED_RESOURCES_FOLDER_PATH}/IQKeyboardManager.bundle",
				"${TARGET_BUILD_DIR}/${UNLOCALIZED_RESOURCES_FOLDER_PATH}/MJRefresh.bundle",
				"${TARGET_BUILD_DIR}/${UNLOCALIZED_RESOURCES_FOLDER_PATH}/SVProgressHUD.bundle",
				"${TARGET_BUILD_DIR}/${UNLOCALIZED_RESOURCES_FOLDER_PATH}/TZImagePickerController.bundle",
			);
			runOnlyForDeploymentPostprocessing = 0;
			shellPath = /bin/sh;
			shellScript = "\"${PODS_ROOT}/Target Support Files/Pods-LJXAlertView/Pods-LJXAlertView-resources.sh\"\n";
			showEnvVarsInLog = 0;
		};
		F3EDC1F2B4CC554324DB3E47 /* [CP] Check Pods Manifest.lock */ = {
			isa = PBXShellScriptBuildPhase;
			buildActionMask = 2147483647;
			files = (
			);
			inputFileListPaths = (
			);
			inputPaths = (
				"${PODS_PODFILE_DIR_PATH}/Podfile.lock",
				"${PODS_ROOT}/Manifest.lock",
			);
			name = "[CP] Check Pods Manifest.lock";
			outputFileListPaths = (
			);
			outputPaths = (
				"$(DERIVED_FILE_DIR)/Pods-LJXAlertView-checkManifestLockResult.txt",
			);
			runOnlyForDeploymentPostprocessing = 0;
			shellPath = /bin/sh;
			shellScript = "diff \"${PODS_PODFILE_DIR_PATH}/Podfile.lock\" \"${PODS_ROOT}/Manifest.lock\" > /dev/null\nif [ $? != 0 ] ; then\n    # print error to STDERR\n    echo \"error: The sandbox is not in sync with the Podfile.lock. Run 'pod install' or update your CocoaPods installation.\" >&2\n    exit 1\nfi\n# This output is used by Xcode 'outputs' to avoid re-running this script phase.\necho \"SUCCESS\" > \"${SCRIPT_OUTPUT_FILE_0}\"\n";
			showEnvVarsInLog = 0;
		};
/* End PBXShellScriptBuildPhase section */

/* Begin PBXSourcesBuildPhase section */
		DDE9E6A022EACC86006C43E8 /* Sources */ = {
			isa = PBXSourcesBuildPhase;
			buildActionMask = 2147483647;
			files = (
				DDE9E6AC22EACC86006C43E8 /* ViewController.m in Sources */,
				DDE9E6B722EACC87006C43E8 /* main.m in Sources */,
				DDE9E6DB22EACCD1006C43E8 /* LJXAlertView.m in Sources */,
				DDE9E6A922EACC86006C43E8 /* AppDelegate.m in Sources */,
			);
			runOnlyForDeploymentPostprocessing = 0;
		};
		DDE9E6B822EACC87006C43E8 /* Sources */ = {
			isa = PBXSourcesBuildPhase;
			buildActionMask = 2147483647;
			files = (
				DDE9E6C122EACC87006C43E8 /* LJXAlertViewTests.m in Sources */,
			);
			runOnlyForDeploymentPostprocessing = 0;
		};
		DDE9E6C322EACC88006C43E8 /* Sources */ = {
			isa = PBXSourcesBuildPhase;
			buildActionMask = 2147483647;
			files = (
				DDE9E6CC22EACC88006C43E8 /* LJXAlertViewUITests.m in Sources */,
			);
			runOnlyForDeploymentPostprocessing = 0;
		};
/* End PBXSourcesBuildPhase section */

/* Begin PBXTargetDependency section */
		DDE9E6BE22EACC87006C43E8 /* PBXTargetDependency */ = {
			isa = PBXTargetDependency;
			target = DDE9E6A322EACC86006C43E8 /* LJXAlertView */;
			targetProxy = DDE9E6BD22EACC87006C43E8 /* PBXContainerItemProxy */;
		};
		DDE9E6C922EACC88006C43E8 /* PBXTargetDependency */ = {
			isa = PBXTargetDependency;
			target = DDE9E6A322EACC86006C43E8 /* LJXAlertView */;
			targetProxy = DDE9E6C822EACC88006C43E8 /* PBXContainerItemProxy */;
		};
/* End PBXTargetDependency section */

/* Begin PBXVariantGroup section */
		DDE9E6AD22EACC86006C43E8 /* Main.storyboard */ = {
			isa = PBXVariantGroup;
			children = (
				DDE9E6AE22EACC86006C43E8 /* Base */,
			);
			name = Main.storyboard;
			sourceTree = "<group>";
		};
		DDE9E6B222EACC87006C43E8 /* LaunchScreen.storyboard */ = {
			isa = PBXVariantGroup;
			children = (
				DDE9E6B322EACC87006C43E8 /* Base */,
			);
			name = LaunchScreen.storyboard;
			sourceTree = "<group>";
		};
/* End PBXVariantGroup section */

/* Begin XCBuildConfiguration section */
		DDE9E6CE22EACC88006C43E8 /* Debug */ = {
			isa = XCBuildConfiguration;
			buildSettings = {
				ALWAYS_SEARCH_USER_PATHS = NO;
				CLANG_ANALYZER_NONNULL = YES;
				CLANG_ANALYZER_NUMBER_OBJECT_CONVERSION = YES_AGGRESSIVE;
				CLANG_CXX_LANGUAGE_STANDARD = "gnu++14";
				CLANG_CXX_LIBRARY = "libc++";
				CLANG_ENABLE_MODULES = YES;
				CLANG_ENABLE_OBJC_ARC = YES;
				CLANG_ENABLE_OBJC_WEAK = YES;
				CLANG_WARN_BLOCK_CAPTURE_AUTORELEASING = YES;
				CLANG_WARN_BOOL_CONVERSION = YES;
				CLANG_WARN_COMMA = YES;
				CLANG_WARN_CONSTANT_CONVERSION = YES;
				CLANG_WARN_DEPRECATED_OBJC_IMPLEMENTATIONS = YES;
				CLANG_WARN_DIRECT_OBJC_ISA_USAGE = YES_ERROR;
				CLANG_WARN_DOCUMENTATION_COMMENTS = YES;
				CLANG_WARN_EMPTY_BODY = YES;
				CLANG_WARN_ENUM_CONVERSION = YES;
				CLANG_WARN_INFINITE_RECURSION = YES;
				CLANG_WARN_INT_CONVERSION = YES;
				CLANG_WARN_NON_LITERAL_NULL_CONVERSION = YES;
				CLANG_WARN_OBJC_IMPLICIT_RETAIN_SELF = YES;
				CLANG_WARN_OBJC_LITERAL_CONVERSION = YES;
				CLANG_WARN_OBJC_ROOT_CLASS = YES_ERROR;
				CLANG_WARN_RANGE_LOOP_ANALYSIS = YES;
				CLANG_WARN_STRICT_PROTOTYPES = YES;
				CLANG_WARN_SUSPICIOUS_MOVE = YES;
				CLANG_WARN_UNGUARDED_AVAILABILITY = YES_AGGRESSIVE;
				CLANG_WARN_UNREACHABLE_CODE = YES;
				CLANG_WARN__DUPLICATE_METHOD_MATCH = YES;
				CODE_SIGN_IDENTITY = "iPhone Developer";
				COPY_PHASE_STRIP = NO;
				DEBUG_INFORMATION_FORMAT = dwarf;
				ENABLE_STRICT_OBJC_MSGSEND = YES;
				ENABLE_TESTABILITY = YES;
				GCC_C_LANGUAGE_STANDARD = gnu11;
				GCC_DYNAMIC_NO_PIC = NO;
				GCC_NO_COMMON_BLOCKS = YES;
				GCC_OPTIMIZATION_LEVEL = 0;
				GCC_PREPROCESSOR_DEFINITIONS = (
					"DEBUG=1",
					"$(inherited)",
				);
				GCC_WARN_64_TO_32_BIT_CONVERSION = YES;
				GCC_WARN_ABOUT_RETURN_TYPE = YES_ERROR;
				GCC_WARN_UNDECLARED_SELECTOR = YES;
				GCC_WARN_UNINITIALIZED_AUTOS = YES_AGGRESSIVE;
				GCC_WARN_UNUSED_FUNCTION = YES;
				GCC_WARN_UNUSED_VARIABLE = YES;
				IPHONEOS_DEPLOYMENT_TARGET = 12.0;
				MTL_ENABLE_DEBUG_INFO = INCLUDE_SOURCE;
				MTL_FAST_MATH = YES;
				ONLY_ACTIVE_ARCH = YES;
				SDKROOT = iphoneos;
			};
			name = Debug;
		};
		DDE9E6CF22EACC88006C43E8 /* Release */ = {
			isa = XCBuildConfiguration;
			buildSettings = {
				ALWAYS_SEARCH_USER_PATHS = NO;
				CLANG_ANALYZER_NONNULL = YES;
				CLANG_ANALYZER_NUMBER_OBJECT_CONVERSION = YES_AGGRESSIVE;
				CLANG_CXX_LANGUAGE_STANDARD = "gnu++14";
				CLANG_CXX_LIBRARY = "libc++";
				CLANG_ENABLE_MODULES = YES;
				CLANG_ENABLE_OBJC_ARC = YES;
				CLANG_ENABLE_OBJC_WEAK = YES;
				CLANG_WARN_BLOCK_CAPTURE_AUTORELEASING = YES;
				CLANG_WARN_BOOL_CONVERSION = YES;
				CLANG_WARN_COMMA = YES;
				CLANG_WARN_CONSTANT_CONVERSION = YES;
				CLANG_WARN_DEPRECATED_OBJC_IMPLEMENTATIONS = YES;
				CLANG_WARN_DIRECT_OBJC_ISA_USAGE = YES_ERROR;
				CLANG_WARN_DOCUMENTATION_COMMENTS = YES;
				CLANG_WARN_EMPTY_BODY = YES;
				CLANG_WARN_ENUM_CONVERSION = YES;
				CLANG_WARN_INFINITE_RECURSION = YES;
				CLANG_WARN_INT_CONVERSION = YES;
				CLANG_WARN_NON_LITERAL_NULL_CONVERSION = YES;
				CLANG_WARN_OBJC_IMPLICIT_RETAIN_SELF = YES;
				CLANG_WARN_OBJC_LITERAL_CONVERSION = YES;
				CLANG_WARN_OBJC_ROOT_CLASS = YES_ERROR;
				CLANG_WARN_RANGE_LOOP_ANALYSIS = YES;
				CLANG_WARN_STRICT_PROTOTYPES = YES;
				CLANG_WARN_SUSPICIOUS_MOVE = YES;
				CLANG_WARN_UNGUARDED_AVAILABILITY = YES_AGGRESSIVE;
				CLANG_WARN_UNREACHABLE_CODE = YES;
				CLANG_WARN__DUPLICATE_METHOD_MATCH = YES;
				CODE_SIGN_IDENTITY = "iPhone Developer";
				COPY_PHASE_STRIP = NO;
				DEBUG_INFORMATION_FORMAT = "dwarf-with-dsym";
				ENABLE_NS_ASSERTIONS = NO;
				ENABLE_STRICT_OBJC_MSGSEND = YES;
				GCC_C_LANGUAGE_STANDARD = gnu11;
				GCC_NO_COMMON_BLOCKS = YES;
				GCC_WARN_64_TO_32_BIT_CONVERSION = YES;
				GCC_WARN_ABOUT_RETURN_TYPE = YES_ERROR;
				GCC_WARN_UNDECLARED_SELECTOR = YES;
				GCC_WARN_UNINITIALIZED_AUTOS = YES_AGGRESSIVE;
				GCC_WARN_UNUSED_FUNCTION = YES;
				GCC_WARN_UNUSED_VARIABLE = YES;
				IPHONEOS_DEPLOYMENT_TARGET = 12.0;
				MTL_ENABLE_DEBUG_INFO = NO;
				MTL_FAST_MATH = YES;
				SDKROOT = iphoneos;
				VALIDATE_PRODUCT = YES;
			};
			name = Release;
		};
		DDE9E6D122EACC88006C43E8 /* Debug */ = {
			isa = XCBuildConfiguration;
			baseConfigurationReference = 2CC66EDF240B743E8C9F3B85 /* Pods-LJXAlertView.debug.xcconfig */;
			buildSettings = {
				ASSETCATALOG_COMPILER_APPICON_NAME = AppIcon;
				CODE_SIGN_STYLE = Automatic;
				GCC_PRECOMPILE_PREFIX_HEADER = YES;
				GCC_PREFIX_HEADER = "$(SRCROOT)/LJXAlertView/AlertView/PrefixHeader.pch";
				INFOPLIST_FILE = LJXAlertView/Info.plist;
				IPHONEOS_DEPLOYMENT_TARGET = 9.0;
				LD_RUNPATH_SEARCH_PATHS = (
					"$(inherited)",
					"@executable_path/Frameworks",
				);
				PRODUCT_BUNDLE_IDENTIFIER = "com.zecaifu-luanjinxin.LJXAlertView";
				PRODUCT_NAME = "$(TARGET_NAME)";
				TARGETED_DEVICE_FAMILY = "1,2";
			};
			name = Debug;
		};
		DDE9E6D222EACC88006C43E8 /* Release */ = {
			isa = XCBuildConfiguration;
			baseConfigurationReference = EEB91CDA9538760CE03BB08C /* Pods-LJXAlertView.release.xcconfig */;
			buildSettings = {
				ASSETCATALOG_COMPILER_APPICON_NAME = AppIcon;
				CODE_SIGN_STYLE = Automatic;
				GCC_PRECOMPILE_PREFIX_HEADER = YES;
				GCC_PREFIX_HEADER = "$(SRCROOT)/LJXAlertView/AlertView/PrefixHeader.pch";
				INFOPLIST_FILE = LJXAlertView/Info.plist;
				IPHONEOS_DEPLOYMENT_TARGET = 9.0;
				LD_RUNPATH_SEARCH_PATHS = (
					"$(inherited)",
					"@executable_path/Frameworks",
				);
				PRODUCT_BUNDLE_IDENTIFIER = "com.zecaifu-luanjinxin.LJXAlertView";
				PRODUCT_NAME = "$(TARGET_NAME)";
				TARGETED_DEVICE_FAMILY = "1,2";
			};
			name = Release;
		};
		DDE9E6D422EACC88006C43E8 /* Debug */ = {
			isa = XCBuildConfiguration;
			buildSettings = {
				BUNDLE_LOADER = "$(TEST_HOST)";
				CODE_SIGN_STYLE = Automatic;
				INFOPLIST_FILE = LJXAlertViewTests/Info.plist;
				LD_RUNPATH_SEARCH_PATHS = (
					"$(inherited)",
					"@executable_path/Frameworks",
					"@loader_path/Frameworks",
				);
				PRODUCT_BUNDLE_IDENTIFIER = "com.zecaifu-luanjinxin.LJXAlertViewTests";
				PRODUCT_NAME = "$(TARGET_NAME)";
				TARGETED_DEVICE_FAMILY = "1,2";
				TEST_HOST = "$(BUILT_PRODUCTS_DIR)/LJXAlertView.app/LJXAlertView";
			};
			name = Debug;
		};
		DDE9E6D522EACC88006C43E8 /* Release */ = {
			isa = XCBuildConfiguration;
			buildSettings = {
				BUNDLE_LOADER = "$(TEST_HOST)";
				CODE_SIGN_STYLE = Automatic;
				INFOPLIST_FILE = LJXAlertViewTests/Info.plist;
				LD_RUNPATH_SEARCH_PATHS = (
					"$(inherited)",
					"@executable_path/Frameworks",
					"@loader_path/Frameworks",
				);
				PRODUCT_BUNDLE_IDENTIFIER = "com.zecaifu-luanjinxin.LJXAlertViewTests";
				PRODUCT_NAME = "$(TARGET_NAME)";
				TARGETED_DEVICE_FAMILY = "1,2";
				TEST_HOST = "$(BUILT_PRODUCTS_DIR)/LJXAlertView.app/LJXAlertView";
			};
			name = Release;
		};
		DDE9E6D722EACC88006C43E8 /* Debug */ = {
			isa = XCBuildConfiguration;
			buildSettings = {
				CODE_SIGN_STYLE = Automatic;
				INFOPLIST_FILE = LJXAlertViewUITests/Info.plist;
				LD_RUNPATH_SEARCH_PATHS = (
					"$(inherited)",
					"@executable_path/Frameworks",
					"@loader_path/Frameworks",
				);
				PRODUCT_BUNDLE_IDENTIFIER = "com.zecaifu-luanjinxin.LJXAlertViewUITests";
				PRODUCT_NAME = "$(TARGET_NAME)";
				TARGETED_DEVICE_FAMILY = "1,2";
				TEST_TARGET_NAME = LJXAlertView;
			};
			name = Debug;
		};
		DDE9E6D822EACC88006C43E8 /* Release */ = {
			isa = XCBuildConfiguration;
			buildSettings = {
				CODE_SIGN_STYLE = Automatic;
				INFOPLIST_FILE = LJXAlertViewUITests/Info.plist;
				LD_RUNPATH_SEARCH_PATHS = (
					"$(inherited)",
					"@executable_path/Frameworks",
					"@loader_path/Frameworks",
				);
				PRODUCT_BUNDLE_IDENTIFIER = "com.zecaifu-luanjinxin.LJXAlertViewUITests";
				PRODUCT_NAME = "$(TARGET_NAME)";
				TARGETED_DEVICE_FAMILY = "1,2";
				TEST_TARGET_NAME = LJXAlertView;
			};
			name = Release;
		};
/* End XCBuildConfiguration section */

/* Begin XCConfigurationList section */
		DDE9E69F22EACC86006C43E8 /* Build configuration list for PBXProject "LJXAlertView" */ = {
			isa = XCConfigurationList;
			buildConfigurations = (
				DDE9E6CE22EACC88006C43E8 /* Debug */,
				DDE9E6CF22EACC88006C43E8 /* Release */,
			);
			defaultConfigurationIsVisible = 0;
			defaultConfigurationName = Release;
		};
		DDE9E6D022EACC88006C43E8 /* Build configuration list for PBXNativeTarget "LJXAlertView" */ = {
			isa = XCConfigurationList;
			buildConfigurations = (
				DDE9E6D122EACC88006C43E8 /* Debug */,
				DDE9E6D222EACC88006C43E8 /* Release */,
			);
			defaultConfigurationIsVisible = 0;
			defaultConfigurationName = Release;
		};
		DDE9E6D322EACC88006C43E8 /* Build configuration list for PBXNativeTarget "LJXAlertViewTests" */ = {
			isa = XCConfigurationList;
			buildConfigurations = (
				DDE9E6D422EACC88006C43E8 /* Debug */,
				DDE9E6D522EACC88006C43E8 /* Release */,
			);
			defaultConfigurationIsVisible = 0;
			defaultConfigurationName = Release;
		};
		DDE9E6D622EACC88006C43E8 /* Build configuration list for PBXNativeTarget "LJXAlertViewUITests" */ = {
			isa = XCConfigurationList;
			buildConfigurations = (
				DDE9E6D722EACC88006C43E8 /* Debug */,
				DDE9E6D822EACC88006C43E8 /* Release */,
			);
			defaultConfigurationIsVisible = 0;
			defaultConfigurationName = Release;
		};
/* End XCConfigurationList section */
	};
	rootObject = DDE9E69C22EACC86006C43E8 /* Project object */;
}
